
Microsoft Visual Studio Solution File, Format Version 12.00
# Visual Studio Version 16
VisualStudioVersion = 16.0.30011.22
MinimumVisualStudioVersion = 10.0.40219.1
Project("{2150E333-8FDC-42A3-9474-1A3956D46DE8}") = "src", "src", "{4B3F186E-49BB-4014-900E-B0E5F9F72173}"
EndProject
Project("{2150E333-8FDC-42A3-9474-1A3956D46DE8}") = "Services", "Services", "{9022EB60-49AF-4ECF-BD51-794E6126C843}"
EndProject
Project("{2150E333-8FDC-42A3-9474-1A3956D46DE8}") = "Operations", "Operations", "{1FEABA53-C79F-41AC-967C-86811376234E}"
EndProject
Project("{2150E333-8FDC-42A3-9474-1A3956D46DE8}") = "Ordering", "Ordering", "{4C276147-48E9-4C44-82DA-C867E78DB214}"
EndProject
Project("{2150E333-8FDC-42A3-9474-1A3956D46DE8}") = "ApiGateways", "ApiGateways", "{24C03709-55C2-4B03-9C15-0B187BEB5FAB}"
EndProject
Project("{9A19103F-16F7-4668-BE54-9A1E7A4F7556}") = "Operations.API", "src\Services\Operations\Operations.API\Operations.API\Operations.API.csproj", "{8E765B1E-780E-4401-9118-100FD3AB1458}"
EndProject
Project("{9A19103F-16F7-4668-BE54-9A1E7A4F7556}") = "Ordering.API", "src\Services\Ordering\Ordering.API\Ordering.API.csproj", "{AC8FBC5F-FFBE-4AC1-AF3F-2EF8478820D7}"
EndProject
Project("{2150E333-8FDC-42A3-9474-1A3956D46DE8}") = "Web", "Web", "{3AC0905D-E47A-41BE-B1C3-99101A78B5A0}"
EndProject
Project("{2150E333-8FDC-42A3-9474-1A3956D46DE8}") = "Shopping", "Shopping", "{853BB9DF-1E29-47B4-845E-6792C3C9A4FD}"
EndProject
Project("{2150E333-8FDC-42A3-9474-1A3956D46DE8}") = "Web.Shopping", "Web.Shopping", "{E7BED145-CD09-4C4E-89E4-555117BDF96E}"
EndProject
Project("{FAE04EC0-301F-11D3-BF4B-00C04F79EFBC}") = "Web.Shopping.API", "src\ApiGateways\Web.Shopping\Web.Shopping.API\Web.Shopping.API.csproj", "{59FB3B80-827B-450F-BD46-4D9317DFDA4E}"
EndProject
Project("{E24C65DC-7377-472B-9ABA-BC803B73C61A}") = "shopping-app", "src\Web\Shopping\shopping-app\", "{81B319FA-3F17-43A0-915D-21EF604E37BD}"
	ProjectSection(WebsiteProperties) = preProject
		TargetFrameworkMoniker = ".NETFramework,Version%3Dv4.0"
		Debug.AspNetCompiler.VirtualPath = "/localhost_51237"
		Debug.AspNetCompiler.PhysicalPath = "src\Web\Shopping\shopping-app\"
		Debug.AspNetCompiler.TargetPath = "PrecompiledWeb\localhost_51237\"
		Debug.AspNetCompiler.Updateable = "true"
		Debug.AspNetCompiler.ForceOverwrite = "true"
		Debug.AspNetCompiler.FixedNames = "false"
		Debug.AspNetCompiler.Debug = "True"
		Release.AspNetCompiler.VirtualPath = "/localhost_51237"
		Release.AspNetCompiler.PhysicalPath = "src\Web\Shopping\shopping-app\"
		Release.AspNetCompiler.TargetPath = "PrecompiledWeb\localhost_51237\"
		Release.AspNetCompiler.Updateable = "true"
		Release.AspNetCompiler.ForceOverwrite = "true"
		Release.AspNetCompiler.FixedNames = "false"
		Release.AspNetCompiler.Debug = "False"
		VWDPort = "51237"
	EndProjectSection
EndProject
Global
	GlobalSection(SolutionConfigurationPlatforms) = preSolution
		Debug|Any CPU = Debug|Any CPU
		Release|Any CPU = Release|Any CPU
	EndGlobalSection
	GlobalSection(ProjectConfigurationPlatforms) = postSolution
		{8E765B1E-780E-4401-9118-100FD3AB1458}.Debug|Any CPU.ActiveCfg = Debug|Any CPU
		{8E765B1E-780E-4401-9118-100FD3AB1458}.Debug|Any CPU.Build.0 = Debug|Any CPU
		{8E765B1E-780E-4401-9118-100FD3AB1458}.Release|Any CPU.ActiveCfg = Release|Any CPU
		{8E765B1E-780E-4401-9118-100FD3AB1458}.Release|Any CPU.Build.0 = Release|Any CPU
		{AC8FBC5F-FFBE-4AC1-AF3F-2EF8478820D7}.Debug|Any CPU.ActiveCfg = Debug|Any CPU
		{AC8FBC5F-FFBE-4AC1-AF3F-2EF8478820D7}.Debug|Any CPU.Build.0 = Debug|Any CPU
		{AC8FBC5F-FFBE-4AC1-AF3F-2EF8478820D7}.Release|Any CPU.ActiveCfg = Release|Any CPU
		{AC8FBC5F-FFBE-4AC1-AF3F-2EF8478820D7}.Release|Any CPU.Build.0 = Release|Any CPU
		{59FB3B80-827B-450F-BD46-4D9317DFDA4E}.Debug|Any CPU.ActiveCfg = Debug|Any CPU
		{59FB3B80-827B-450F-BD46-4D9317DFDA4E}.Debug|Any CPU.Build.0 = Debug|Any CPU
		{59FB3B80-827B-450F-BD46-4D9317DFDA4E}.Release|Any CPU.ActiveCfg = Release|Any CPU
		{59FB3B80-827B-450F-BD46-4D9317DFDA4E}.Release|Any CPU.Build.0 = Release|Any CPU
		{81B319FA-3F17-43A0-915D-21EF604E37BD}.Debug|Any CPU.ActiveCfg = Debug|Any CPU
		{81B319FA-3F17-43A0-915D-21EF604E37BD}.Debug|Any CPU.Build.0 = Debug|Any CPU
		{81B319FA-3F17-43A0-915D-21EF604E37BD}.Release|Any CPU.ActiveCfg = Debug|Any CPU
		{81B319FA-3F17-43A0-915D-21EF604E37BD}.Release|Any CPU.Build.0 = Debug|Any CPU
	EndGlobalSection
	GlobalSection(SolutionProperties) = preSolution
		HideSolutionNode = FALSE
	EndGlobalSection
	GlobalSection(NestedProjects) = preSolution
		{9022EB60-49AF-4ECF-BD51-794E6126C843} = {4B3F186E-49BB-4014-900E-B0E5F9F72173}
		{1FEABA53-C79F-41AC-967C-86811376234E} = {9022EB60-49AF-4ECF-BD51-794E6126C843}
		{4C276147-48E9-4C44-82DA-C867E78DB214} = {9022EB60-49AF-4ECF-BD51-794E6126C843}
		{24C03709-55C2-4B03-9C15-0B187BEB5FAB} = {4B3F186E-49BB-4014-900E-B0E5F9F72173}
		{8E765B1E-780E-4401-9118-100FD3AB1458} = {1FEABA53-C79F-41AC-967C-86811376234E}
		{AC8FBC5F-FFBE-4AC1-AF3F-2EF8478820D7} = {4C276147-48E9-4C44-82DA-C867E78DB214}
		{3AC0905D-E47A-41BE-B1C3-99101A78B5A0} = {4B3F186E-49BB-4014-900E-B0E5F9F72173}
		{853BB9DF-1E29-47B4-845E-6792C3C9A4FD} = {3AC0905D-E47A-41BE-B1C3-99101A78B5A0}
		{E7BED145-CD09-4C4E-89E4-555117BDF96E} = {24C03709-55C2-4B03-9C15-0B187BEB5FAB}
		{59FB3B80-827B-450F-BD46-4D9317DFDA4E} = {E7BED145-CD09-4C4E-89E4-555117BDF96E}
		{81B319FA-3F17-43A0-915D-21EF604E37BD} = {853BB9DF-1E29-47B4-845E-6792C3C9A4FD}
	EndGlobalSection
	GlobalSection(ExtensibilityGlobals) = postSolution
		SolutionGuid = {0384BEB6-59F2-4D4D-94AA-8242A39609AE}
	EndGlobalSection
EndGlobal
